
Microsoft Visual Studio Solution File, Format Version 12.00
# Visual Studio 14
VisualStudioVersion = 14.0.25420.1
MinimumVisualStudioVersion = 10.0.40219.1
Project("{FAE04EC0-301F-11D3-BF4B-00C04F79EFBC}") = "GravityOne", "GravityOne\GravityOne.csproj", "{22F6AB5B-0455-4B8E-A08D-853DE97CAF75}"
EndProject
Project("{930C7802-8A8C-48F9-8165-68863BCCD9DD}") = "GravityOneSetup", "GravityOneSetup\GravityOneSetup.wixproj", "{F4E9CCC7-F77C-4FB0-964E-EE6ABB088065}"
	ProjectSection(ProjectDependencies) = postProject
		{22F6AB5B-0455-4B8E-A08D-853DE97CAF75} = {22F6AB5B-0455-4B8E-A08D-853DE97CAF75}
	EndProjectSection
EndProject
Project("{FAE04EC0-301F-11D3-BF4B-00C04F79EFBC}") = "SharpAvi", "SharpAvi\SharpAvi.csproj", "{07B83677-E9B8-4166-A383-CF3B3D393FBD}"
EndProject
Global
	GlobalSection(SolutionConfigurationPlatforms) = preSolution
		Debug|Any CPU = Debug|Any CPU
		Debug|x64 = Debug|x64
		Debug|x86 = Debug|x86
		Release|Any CPU = Release|Any CPU
		Release|x64 = Release|x64
		Release|x86 = Release|x86
		Release64|Any CPU = Release64|Any CPU
		Release64|x64 = Release64|x64
		Release64|x86 = Release64|x86
	EndGlobalSection
	GlobalSection(ProjectConfigurationPlatforms) = postSolution
		{22F6AB5B-0455-4B8E-A08D-853DE97CAF75}.Debug|Any CPU.ActiveCfg = Debug|Any CPU
		{22F6AB5B-0455-4B8E-A08D-853DE97CAF75}.Debug|Any CPU.Build.0 = Debug|Any CPU
		{22F6AB5B-0455-4B8E-A08D-853DE97CAF75}.Debug|x64.ActiveCfg = Debug|x64
		{22F6AB5B-0455-4B8E-A08D-853DE97CAF75}.Debug|x64.Build.0 = Debug|x64
		{22F6AB5B-0455-4B8E-A08D-853DE97CAF75}.Debug|x86.ActiveCfg = Debug|x86
		{22F6AB5B-0455-4B8E-A08D-853DE97CAF75}.Debug|x86.Build.0 = Debug|x86
		{22F6AB5B-0455-4B8E-A08D-853DE97CAF75}.Release|Any CPU.ActiveCfg = Release|x64
		{22F6AB5B-0455-4B8E-A08D-853DE97CAF75}.Release|Any CPU.Build.0 = Release|x64
		{22F6AB5B-0455-4B8E-A08D-853DE97CAF75}.Release|x64.ActiveCfg = Release|Any CPU
		{22F6AB5B-0455-4B8E-A08D-853DE97CAF75}.Release|x64.Build.0 = Release|Any CPU
		{22F6AB5B-0455-4B8E-A08D-853DE97CAF75}.Release|x86.ActiveCfg = Release|x86
		{22F6AB5B-0455-4B8E-A08D-853DE97CAF75}.Release|x86.Build.0 = Release|x86
		{22F6AB5B-0455-4B8E-A08D-853DE97CAF75}.Release64|Any CPU.ActiveCfg = Release64|Any CPU
		{22F6AB5B-0455-4B8E-A08D-853DE97CAF75}.Release64|Any CPU.Build.0 = Release64|Any CPU
		{22F6AB5B-0455-4B8E-A08D-853DE97CAF75}.Release64|x64.ActiveCfg = Release|x86
		{22F6AB5B-0455-4B8E-A08D-853DE97CAF75}.Release64|x64.Build.0 = Release|x86
		{22F6AB5B-0455-4B8E-A08D-853DE97CAF75}.Release64|x86.ActiveCfg = Release64|x86
		{22F6AB5B-0455-4B8E-A08D-853DE97CAF75}.Release64|x86.Build.0 = Release64|x86
		{F4E9CCC7-F77C-4FB0-964E-EE6ABB088065}.Debug|Any CPU.ActiveCfg = Debug|x64
		{F4E9CCC7-F77C-4FB0-964E-EE6ABB088065}.Debug|x64.ActiveCfg = Debug|x64
		{F4E9CCC7-F77C-4FB0-964E-EE6ABB088065}.Debug|x64.Build.0 = Debug|x64
		{F4E9CCC7-F77C-4FB0-964E-EE6ABB088065}.Debug|x86.ActiveCfg = Debug|x86
		{F4E9CCC7-F77C-4FB0-964E-EE6ABB088065}.Debug|x86.Build.0 = Debug|x86
		{F4E9CCC7-F77C-4FB0-964E-EE6ABB088065}.Release|Any CPU.ActiveCfg = Release|x64
		{F4E9CCC7-F77C-4FB0-964E-EE6ABB088065}.Release|x64.ActiveCfg = Release|x86
		{F4E9CCC7-F77C-4FB0-964E-EE6ABB088065}.Release|x86.ActiveCfg = Release|x86
		{F4E9CCC7-F77C-4FB0-964E-EE6ABB088065}.Release|x86.Build.0 = Release|x86
		{F4E9CCC7-F77C-4FB0-964E-EE6ABB088065}.Release64|Any CPU.ActiveCfg = Release|x86
		{F4E9CCC7-F77C-4FB0-964E-EE6ABB088065}.Release64|x64.ActiveCfg = Release|x64
		{F4E9CCC7-F77C-4FB0-964E-EE6ABB088065}.Release64|x64.Build.0 = Release|x64
		{F4E9CCC7-F77C-4FB0-964E-EE6ABB088065}.Release64|x86.ActiveCfg = Release|x86
		{F4E9CCC7-F77C-4FB0-964E-EE6ABB088065}.Release64|x86.Build.0 = Release|x86
		{07B83677-E9B8-4166-A383-CF3B3D393FBD}.Debug|Any CPU.ActiveCfg = Debug|Any CPU
		{07B83677-E9B8-4166-A383-CF3B3D393FBD}.Debug|Any CPU.Build.0 = Debug|Any CPU
		{07B83677-E9B8-4166-A383-CF3B3D393FBD}.Debug|x64.ActiveCfg = Debug|Any CPU
		{07B83677-E9B8-4166-A383-CF3B3D393FBD}.Debug|x64.Build.0 = Debug|Any CPU
		{07B83677-E9B8-4166-A383-CF3B3D393FBD}.Debug|x86.ActiveCfg = Debug|Any CPU
		{07B83677-E9B8-4166-A383-CF3B3D393FBD}.Debug|x86.Build.0 = Debug|Any CPU
		{07B83677-E9B8-4166-A383-CF3B3D393FBD}.Release|Any CPU.ActiveCfg = Release|Any CPU
		{07B83677-E9B8-4166-A383-CF3B3D393FBD}.Release|Any CPU.Build.0 = Release|Any CPU
		{07B83677-E9B8-4166-A383-CF3B3D393FBD}.Release|x64.ActiveCfg = Release|Any CPU
		{07B83677-E9B8-4166-A383-CF3B3D393FBD}.Release|x64.Build.0 = Release|Any CPU
		{07B83677-E9B8-4166-A383-CF3B3D393FBD}.Release|x86.ActiveCfg = Release|Any CPU
		{07B83677-E9B8-4166-A383-CF3B3D393FBD}.Release|x86.Build.0 = Release|Any CPU
		{07B83677-E9B8-4166-A383-CF3B3D393FBD}.Release64|Any CPU.ActiveCfg = Release|Any CPU
		{07B83677-E9B8-4166-A383-CF3B3D393FBD}.Release64|Any CPU.Build.0 = Release|Any CPU
		{07B83677-E9B8-4166-A383-CF3B3D393FBD}.Release64|x64.ActiveCfg = Release|Any CPU
		{07B83677-E9B8-4166-A383-CF3B3D393FBD}.Release64|x64.Build.0 = Release|Any CPU
		{07B83677-E9B8-4166-A383-CF3B3D393FBD}.Release64|x86.ActiveCfg = Release|Any CPU
		{07B83677-E9B8-4166-A383-CF3B3D393FBD}.Release64|x86.Build.0 = Release|Any CPU
	EndGlobalSection
	GlobalSection(SolutionProperties) = preSolution
		HideSolutionNode = FALSE
	EndGlobalSection
EndGlobal
